
Microsoft Visual Studio Solution File, Format Version 12.00
# Visual Studio Version 17
VisualStudioVersion = 17.12.35521.163
MinimumVisualStudioVersion = 10.0.40219.1
Project("{2150E333-8FDC-42A3-9474-1A3956D46DE8}") = "LanguageTeacher", "LanguageTeacher", "{A5EB5E3B-9805-47F5-AACC-D3BB986A01D5}"
EndProject
Project("{FAE04EC0-301F-11D3-BF4B-00C04F79EFBC}") = "LanguageTeacher.API", "LanguageTeacher\LanguageTeacher.API\LanguageTeacher.API.csproj", "{FC3FC023-5A29-40A9-90F3-97CDCB735E6B}"
EndProject
Project("{FAE04EC0-301F-11D3-BF4B-00C04F79EFBC}") = "LanguageTeacher.Domain", "LanguageTeacher\LanguageTeacher.Domain\LanguageTeacher.Domain.csproj", "{0FBA64CB-F69A-465C-9C50-180BF4977412}"
EndProject
Project("{FAE04EC0-301F-11D3-BF4B-00C04F79EFBC}") = "LanguageTeacher.App", "LanguageTeacher\LanguageTeacher.App\LanguageTeacher.App.csproj", "{42C36D32-7617-497D-BE05-C686BA05B039}"
EndProject
Project("{2150E333-8FDC-42A3-9474-1A3956D46DE8}") = "Common", "Common", "{C9B9DFCE-EA6C-464D-AD01-13C358F0AB7A}"
EndProject
Project("{FAE04EC0-301F-11D3-BF4B-00C04F79EFBC}") = "CommonUtilities.Domain", "CommonUtilities\CommonUtilities.Domain\CommonUtilities.Domain.csproj", "{8BBBB6A6-7347-4AD1-969B-A544902AD7B6}"
EndProject
Project("{2150E333-8FDC-42A3-9474-1A3956D46DE8}") = "Solution Items", "Solution Items", "{CA4BD371-FAC7-44D8-B8AD-6CE73A8A424D}"
	ProjectSection(SolutionItems) = preProject
		.editorconfig = .editorconfig
		..\..\docker-compose-local.yml = ..\..\docker-compose-local.yml
		..\..\docker-compose.yml = ..\..\docker-compose.yml
	EndProjectSection
EndProject
Project("{2150E333-8FDC-42A3-9474-1A3956D46DE8}") = "UserManagement", "UserManagement", "{36F54DBF-975C-4D43-AAE7-E5E52DE785B3}"
EndProject
Project("{FAE04EC0-301F-11D3-BF4B-00C04F79EFBC}") = "UserManagement.API", "UserManagement\UserManagement.API\UserManagement.API.csproj", "{3C5F81B5-8B33-40DA-BC68-E9D9497953D0}"
EndProject
Project("{FAE04EC0-301F-11D3-BF4B-00C04F79EFBC}") = "UserManagement.App", "UserManagement\UserManagement.App\UserManagement.App.csproj", "{A90FE160-FE2E-462A-AB38-B9D4E7A38A9B}"
EndProject
Project("{FAE04EC0-301F-11D3-BF4B-00C04F79EFBC}") = "UserManagement.Domain", "UserManagement\UserManagement.Domain\UserManagement.Domain.csproj", "{573B29A6-72E6-4692-9349-BF4D33B745AE}"
EndProject
Project("{FAE04EC0-301F-11D3-BF4B-00C04F79EFBC}") = "CommonUtilities.App", "CommonUtilities\CommonUtilities.App\CommonUtilities.App.csproj", "{F1B72E28-8F7E-4DD4-AAB1-5A4B6DB4A22D}"
EndProject
Project("{FAE04EC0-301F-11D3-BF4B-00C04F79EFBC}") = "CommonUtilities.API", "CommonUtilities\CommonUtilities.API\CommonUtilities.API.csproj", "{BAC3EA97-C2BD-4733-8CB8-BCF37C2B30CC}"
EndProject
Project("{2150E333-8FDC-42A3-9474-1A3956D46DE8}") = "Tests", "Tests", "{EDEB5050-5106-4975-9E36-892D86F5BC84}"
EndProject
Project("{FAE04EC0-301F-11D3-BF4B-00C04F79EFBC}") = "UnitTests", "Tests\UnitTests\UnitTests.csproj", "{193C3347-4718-467D-BA1A-2501B5A6E418}"
EndProject
Global
	GlobalSection(SolutionConfigurationPlatforms) = preSolution
		Debug|Any CPU = Debug|Any CPU
		Release|Any CPU = Release|Any CPU
	EndGlobalSection
	GlobalSection(ProjectConfigurationPlatforms) = postSolution
		{FC3FC023-5A29-40A9-90F3-97CDCB735E6B}.Debug|Any CPU.ActiveCfg = Debug|Any CPU
		{FC3FC023-5A29-40A9-90F3-97CDCB735E6B}.Debug|Any CPU.Build.0 = Debug|Any CPU
		{FC3FC023-5A29-40A9-90F3-97CDCB735E6B}.Release|Any CPU.ActiveCfg = Release|Any CPU
		{FC3FC023-5A29-40A9-90F3-97CDCB735E6B}.Release|Any CPU.Build.0 = Release|Any CPU
		{0FBA64CB-F69A-465C-9C50-180BF4977412}.Debug|Any CPU.ActiveCfg = Debug|Any CPU
		{0FBA64CB-F69A-465C-9C50-180BF4977412}.Debug|Any CPU.Build.0 = Debug|Any CPU
		{0FBA64CB-F69A-465C-9C50-180BF4977412}.Release|Any CPU.ActiveCfg = Release|Any CPU
		{0FBA64CB-F69A-465C-9C50-180BF4977412}.Release|Any CPU.Build.0 = Release|Any CPU
		{42C36D32-7617-497D-BE05-C686BA05B039}.Debug|Any CPU.ActiveCfg = Debug|Any CPU
		{42C36D32-7617-497D-BE05-C686BA05B039}.Debug|Any CPU.Build.0 = Debug|Any CPU
		{42C36D32-7617-497D-BE05-C686BA05B039}.Release|Any CPU.ActiveCfg = Release|Any CPU
		{42C36D32-7617-497D-BE05-C686BA05B039}.Release|Any CPU.Build.0 = Release|Any CPU
		{8BBBB6A6-7347-4AD1-969B-A544902AD7B6}.Debug|Any CPU.ActiveCfg = Debug|Any CPU
		{8BBBB6A6-7347-4AD1-969B-A544902AD7B6}.Debug|Any CPU.Build.0 = Debug|Any CPU
		{8BBBB6A6-7347-4AD1-969B-A544902AD7B6}.Release|Any CPU.ActiveCfg = Release|Any CPU
		{8BBBB6A6-7347-4AD1-969B-A544902AD7B6}.Release|Any CPU.Build.0 = Release|Any CPU
		{3C5F81B5-8B33-40DA-BC68-E9D9497953D0}.Debug|Any CPU.ActiveCfg = Debug|Any CPU
		{3C5F81B5-8B33-40DA-BC68-E9D9497953D0}.Debug|Any CPU.Build.0 = Debug|Any CPU
		{3C5F81B5-8B33-40DA-BC68-E9D9497953D0}.Release|Any CPU.ActiveCfg = Release|Any CPU
		{3C5F81B5-8B33-40DA-BC68-E9D9497953D0}.Release|Any CPU.Build.0 = Release|Any CPU
		{A90FE160-FE2E-462A-AB38-B9D4E7A38A9B}.Debug|Any CPU.ActiveCfg = Debug|Any CPU
		{A90FE160-FE2E-462A-AB38-B9D4E7A38A9B}.Debug|Any CPU.Build.0 = Debug|Any CPU
		{A90FE160-FE2E-462A-AB38-B9D4E7A38A9B}.Release|Any CPU.ActiveCfg = Release|Any CPU
		{A90FE160-FE2E-462A-AB38-B9D4E7A38A9B}.Release|Any CPU.Build.0 = Release|Any CPU
		{573B29A6-72E6-4692-9349-BF4D33B745AE}.Debug|Any CPU.ActiveCfg = Debug|Any CPU
		{573B29A6-72E6-4692-9349-BF4D33B745AE}.Debug|Any CPU.Build.0 = Debug|Any CPU
		{573B29A6-72E6-4692-9349-BF4D33B745AE}.Release|Any CPU.ActiveCfg = Release|Any CPU
		{573B29A6-72E6-4692-9349-BF4D33B745AE}.Release|Any CPU.Build.0 = Release|Any CPU
		{F1B72E28-8F7E-4DD4-AAB1-5A4B6DB4A22D}.Debug|Any CPU.ActiveCfg = Debug|Any CPU
		{F1B72E28-8F7E-4DD4-AAB1-5A4B6DB4A22D}.Debug|Any CPU.Build.0 = Debug|Any CPU
		{F1B72E28-8F7E-4DD4-AAB1-5A4B6DB4A22D}.Release|Any CPU.ActiveCfg = Release|Any CPU
		{F1B72E28-8F7E-4DD4-AAB1-5A4B6DB4A22D}.Release|Any CPU.Build.0 = Release|Any CPU
		{BAC3EA97-C2BD-4733-8CB8-BCF37C2B30CC}.Debug|Any CPU.ActiveCfg = Debug|Any CPU
		{BAC3EA97-C2BD-4733-8CB8-BCF37C2B30CC}.Debug|Any CPU.Build.0 = Debug|Any CPU
		{BAC3EA97-C2BD-4733-8CB8-BCF37C2B30CC}.Release|Any CPU.ActiveCfg = Release|Any CPU
		{BAC3EA97-C2BD-4733-8CB8-BCF37C2B30CC}.Release|Any CPU.Build.0 = Release|Any CPU
		{193C3347-4718-467D-BA1A-2501B5A6E418}.Debug|Any CPU.ActiveCfg = Debug|Any CPU
		{193C3347-4718-467D-BA1A-2501B5A6E418}.Debug|Any CPU.Build.0 = Debug|Any CPU
		{193C3347-4718-467D-BA1A-2501B5A6E418}.Release|Any CPU.ActiveCfg = Release|Any CPU
		{193C3347-4718-467D-BA1A-2501B5A6E418}.Release|Any CPU.Build.0 = Release|Any CPU
	EndGlobalSection
	GlobalSection(SolutionProperties) = preSolution
		HideSolutionNode = FALSE
	EndGlobalSection
	GlobalSection(NestedProjects) = preSolution
		{FC3FC023-5A29-40A9-90F3-97CDCB735E6B} = {A5EB5E3B-9805-47F5-AACC-D3BB986A01D5}
		{0FBA64CB-F69A-465C-9C50-180BF4977412} = {A5EB5E3B-9805-47F5-AACC-D3BB986A01D5}
		{42C36D32-7617-497D-BE05-C686BA05B039} = {A5EB5E3B-9805-47F5-AACC-D3BB986A01D5}
		{8BBBB6A6-7347-4AD1-969B-A544902AD7B6} = {C9B9DFCE-EA6C-464D-AD01-13C358F0AB7A}
		{3C5F81B5-8B33-40DA-BC68-E9D9497953D0} = {36F54DBF-975C-4D43-AAE7-E5E52DE785B3}
		{A90FE160-FE2E-462A-AB38-B9D4E7A38A9B} = {36F54DBF-975C-4D43-AAE7-E5E52DE785B3}
		{573B29A6-72E6-4692-9349-BF4D33B745AE} = {36F54DBF-975C-4D43-AAE7-E5E52DE785B3}
		{F1B72E28-8F7E-4DD4-AAB1-5A4B6DB4A22D} = {C9B9DFCE-EA6C-464D-AD01-13C358F0AB7A}
		{BAC3EA97-C2BD-4733-8CB8-BCF37C2B30CC} = {C9B9DFCE-EA6C-464D-AD01-13C358F0AB7A}
		{193C3347-4718-467D-BA1A-2501B5A6E418} = {EDEB5050-5106-4975-9E36-892D86F5BC84}
	EndGlobalSection
EndGlobal
